
Microsoft Visual Studio Solution File, Format Version 12.00
# Visual Studio 15
VisualStudioVersion = 15.0.28010.2041
MinimumVisualStudioVersion = 10.0.40219.1
Project("{A0786B88-2ADB-4C21-ABE8-AA2D79766269}") = "PHPWebProject1", "..\..\..\..\..\Users\Master\source\repos\PHPWebProject1\PHPWebProject1\PHPWebProject1.phpproj", "{E3E12F48-B14C-4C51-B153-8830CD16867D}"
EndProject
Global
	GlobalSection(SolutionConfigurationPlatforms) = preSolution
		Debug|Any CPU = Debug|Any CPU
		Release|Any CPU = Release|Any CPU
	EndGlobalSection
	GlobalSection(ProjectConfigurationPlatforms) = postSolution
		{E3E12F48-B14C-4C51-B153-8830CD16867D}.Debug|Any CPU.ActiveCfg = Debug|Any CPU
		{E3E12F48-B14C-4C51-B153-8830CD16867D}.Release|Any CPU.ActiveCfg = Release|Any CPU
	EndGlobalSection
	GlobalSection(SolutionProperties) = preSolution
		HideSolutionNode = FALSE
	EndGlobalSection
	GlobalSection(ExtensibilityGlobals) = postSolution
		SolutionGuid = {10749065-84CE-4106-9444-EE48B4950CAC}
	EndGlobalSection
EndGlobal
